Microsoft Visual Studio Solution File, Format Version 12.00
# Visual Studio Version 17
VisualStudioVersion = 17.5.2.0
MinimumVisualStudioVersion = 10.0.40219.1
Project("{2150E333-8FDC-42A3-9474-1A3956D46DE8}") = "CSharp", "CSharp", "{B41BF331-FCCB-2ADF-CDB6-767964B34647}"
EndProject
Project("{2150E333-8FDC-42A3-9474-1A3956D46DE8}") = "src", "src", "{CFAAF5F3-0826-0382-279F-15A025608506}"
EndProject
Project("{FAE04EC0-301F-11D3-BF4B-00C04F79EFBC}") = "MonitorTools.Core", "CSharp\src\MonitorTools.Core\MonitorTools.Core.csproj", "{0C3918AB-44FD-6702-7DC6-0C471A595E8A}"
EndProject
Global
	GlobalSection(SolutionConfigurationPlatforms) = preSolution
		Debug|Any CPU = Debug|Any CPU
		Release|Any CPU = Release|Any CPU
	EndGlobalSection
	GlobalSection(ProjectConfigurationPlatforms) = postSolution
		{0C3918AB-44FD-6702-7DC6-0C471A595E8A}.Debug|Any CPU.ActiveCfg = Debug|Any CPU
		{0C3918AB-44FD-6702-7DC6-0C471A595E8A}.Debug|Any CPU.Build.0 = Debug|Any CPU
		{0C3918AB-44FD-6702-7DC6-0C471A595E8A}.Release|Any CPU.ActiveCfg = Release|Any CPU
		{0C3918AB-44FD-6702-7DC6-0C471A595E8A}.Release|Any CPU.Build.0 = Release|Any CPU
	EndGlobalSection
	GlobalSection(SolutionProperties) = preSolution
		HideSolutionNode = FALSE
	EndGlobalSection
	GlobalSection(NestedProjects) = preSolution
		{CFAAF5F3-0826-0382-279F-15A025608506} = {B41BF331-FCCB-2ADF-CDB6-767964B34647}
		{0C3918AB-44FD-6702-7DC6-0C471A595E8A} = {CFAAF5F3-0826-0382-279F-15A025608506}
	EndGlobalSection
	GlobalSection(ExtensibilityGlobals) = postSolution
		SolutionGuid = {FC04F502-67C2-4384-A078-40BB519A0C0C}
	EndGlobalSection
EndGlobal
